
Microsoft Visual Studio Solution File, Format Version 12.00
# Visual Studio Version 17
VisualStudioVersion = 17.2.32602.215
MinimumVisualStudioVersion = 10.0.40219.1
Project("{FAE04EC0-301F-11D3-BF4B-00C04F79EFBC}") = "SpecflowCoveaTest", "SpecflowCoveaTest.csproj", "{4FB774FD-693A-4496-B7BA-1F330E722FB4}"
EndProject
Global
	GlobalSection(SolutionConfigurationPlatforms) = preSolution
		Debug|Any CPU = Debug|Any CPU
		Release|Any CPU = Release|Any CPU
	EndGlobalSection
	GlobalSection(ProjectConfigurationPlatforms) = postSolution
		{4FB774FD-693A-4496-B7BA-1F330E722FB4}.Debug|Any CPU.ActiveCfg = Debug|Any CPU
		{4FB774FD-693A-4496-B7BA-1F330E722FB4}.Debug|Any CPU.Build.0 = Debug|Any CPU
		{4FB774FD-693A-4496-B7BA-1F330E722FB4}.Release|Any CPU.ActiveCfg = Release|Any CPU
		{4FB774FD-693A-4496-B7BA-1F330E722FB4}.Release|Any CPU.Build.0 = Release|Any CPU
	EndGlobalSection
	GlobalSection(SolutionProperties) = preSolution
		HideSolutionNode = FALSE
	EndGlobalSection
	GlobalSection(ExtensibilityGlobals) = postSolution
		SolutionGuid = {06748F8E-01F9-4EA9-899E-857793F820DC}
	EndGlobalSection
EndGlobal
